{
  "name": "@korusbyanthm/types",
  "version": "0.0.1",
  "lockfileVersion": 2,
  "requires": true,
  "packages": {
    "": {
      "name": "@korusbyanthm/types",
      "version": "0.0.1",
      "license": "UNLICENSED",
      "dependencies": {
        "country-data": "^0.0.31",
        "mime-db": "^1.52.0"
      },
      "devDependencies": {
        "@types/country-data": "^0.0.2",
        "@types/node": "^18.11.13"
      }
    },
    "node_modules/@types/country-data": {
      "version": "0.0.2",
      "resolved": "https://registry.npmjs.org/@types/country-data/-/country-data-0.0.2.tgz",
      "integrity": "sha512-9TtlOfoHEMWojmAV1IoisMlM9kXGw4QDAamkXUiCZBtU9sY3187naTc1OXwD3QVE1mMkPZbBVdyjVdBu7wJlNA==",
      "dev": true
    },
    "node_modules/@types/node": {
      "version": "18.11.13",
      "resolved": "https://registry.npmjs.org/@types/node/-/node-18.11.13.tgz",
      "integrity": "sha512-IASpMGVcWpUsx5xBOrxMj7Bl8lqfuTY7FKAnPmu5cHkfQVWF8GulWS1jbRqA934qZL35xh5xN/+Xe/i26Bod4w==",
      "dev": true
    },
    "node_modules/country-data": {
      "version": "0.0.31",
      "resolved": "https://registry.npmjs.org/country-data/-/country-data-0.0.31.tgz",
      "integrity": "sha512-YqlY/i6ikZwoBFfdjK+hJTGaBdTgDpXLI15MCj2UsXZ2cPBb+Kx86AXmDH7PRGt0LUleck0cCgNdWeIhfbcxkQ==",
      "dependencies": {
        "currency-symbol-map": "~2",
        "underscore": ">1.4.4"
      }
    },
    "node_modules/currency-symbol-map": {
      "version": "2.2.0",
      "resolved": "https://registry.npmjs.org/currency-symbol-map/-/currency-symbol-map-2.2.0.tgz",
      "integrity": "sha512-fPZJ3jqM68+AAgqQ7UaGbgHL/39rp6l7GyqS2k1HJPu/kpS8D07x/+Uup6a9tCUKIlOFcRrDCf1qxSt8jnI5BA=="
    },
    "node_modules/mime-db": {
      "version": "1.52.0",
      "resolved": "https://registry.npmjs.org/mime-db/-/mime-db-1.52.0.tgz",
      "integrity": "sha512-sPU4uV7dYlvtWJxwwxHD0PuihVNiE7TyAbQ5SWxDCB9mUYvOgroQOwYQQOKPJ8CIbE+1ETVlOoK1UC2nU3gYvg==",
      "engines": {
        "node": ">= 0.6"
      }
    },
    "node_modules/underscore": {
      "version": "1.13.6",
      "resolved": "https://registry.npmjs.org/underscore/-/underscore-1.13.6.tgz",
      "integrity": "sha512-+A5Sja4HP1M08MaXya7p5LvjuM7K6q/2EaC0+iovj/wOcMsTzMvDFbasi/oSapiwOlt252IqsKqPjCl7huKS0A=="
    }
  },
  "dependencies": {
    "@types/country-data": {
      "version": "0.0.2",
      "resolved": "https://registry.npmjs.org/@types/country-data/-/country-data-0.0.2.tgz",
      "integrity": "sha512-9TtlOfoHEMWojmAV1IoisMlM9kXGw4QDAamkXUiCZBtU9sY3187naTc1OXwD3QVE1mMkPZbBVdyjVdBu7wJlNA==",
      "dev": true
    },
    "@types/node": {
      "version": "18.11.13",
      "resolved": "https://registry.npmjs.org/@types/node/-/node-18.11.13.tgz",
      "integrity": "sha512-IASpMGVcWpUsx5xBOrxMj7Bl8lqfuTY7FKAnPmu5cHkfQVWF8GulWS1jbRqA934qZL35xh5xN/+Xe/i26Bod4w==",
      "dev": true
    },
    "country-data": {
      "version": "0.0.31",
      "resolved": "https://registry.npmjs.org/country-data/-/country-data-0.0.31.tgz",
      "integrity": "sha512-YqlY/i6ikZwoBFfdjK+hJTGaBdTgDpXLI15MCj2UsXZ2cPBb+Kx86AXmDH7PRGt0LUleck0cCgNdWeIhfbcxkQ==",
      "requires": {
        "currency-symbol-map": "~2",
        "underscore": ">1.4.4"
      }
    },
    "currency-symbol-map": {
      "version": "2.2.0",
      "resolved": "https://registry.npmjs.org/currency-symbol-map/-/currency-symbol-map-2.2.0.tgz",
      "integrity": "sha512-fPZJ3jqM68+AAgqQ7UaGbgHL/39rp6l7GyqS2k1HJPu/kpS8D07x/+Uup6a9tCUKIlOFcRrDCf1qxSt8jnI5BA=="
    },
    "mime-db": {
      "version": "1.52.0",
      "resolved": "https://registry.npmjs.org/mime-db/-/mime-db-1.52.0.tgz",
      "integrity": "sha512-sPU4uV7dYlvtWJxwwxHD0PuihVNiE7TyAbQ5SWxDCB9mUYvOgroQOwYQQOKPJ8CIbE+1ETVlOoK1UC2nU3gYvg=="
    },
    "underscore": {
      "version": "1.13.6",
      "resolved": "https://registry.npmjs.org/underscore/-/underscore-1.13.6.tgz",
      "integrity": "sha512-+A5Sja4HP1M08MaXya7p5LvjuM7K6q/2EaC0+iovj/wOcMsTzMvDFbasi/oSapiwOlt252IqsKqPjCl7huKS0A=="
    }
  }
}
